
Microsoft Visual Studio Solution File, Format Version 12.00
# Visual Studio 15
VisualStudioVersion = 15.0.27703.2042
MinimumVisualStudioVersion = 10.0.40219.1
Project("{9A19103F-16F7-4668-BE54-9A1E7A4F7556}") = "BlizzardApiReader.Core", "BlizzardApiReader.Core\BlizzardApiReader.Core.csproj", "{CD8C0723-5027-425A-9783-2C44C95A7520}"
EndProject
Project("{9A19103F-16F7-4668-BE54-9A1E7A4F7556}") = "BlizzardApiReader.Core.Tests", "BlizzardApiReader.Core.Tests\BlizzardApiReader.Core.Tests.csproj", "{4A08E212-6E42-4438-99CA-A7A6EC0CD5F9}"
EndProject
Project("{9A19103F-16F7-4668-BE54-9A1E7A4F7556}") = "BlizzardApiReader.Diablo", "BlizzardApiReader.Diablo\BlizzardApiReader.Diablo.csproj", "{640616C8-AD72-42DF-A48B-1C68C4130703}"
EndProject
Project("{9A19103F-16F7-4668-BE54-9A1E7A4F7556}") = "BlizzardApiReader.Diablo.Tests", "BlizzardApiReader.Diablo.Tests\BlizzardApiReader.Diablo.Tests.csproj", "{CA6B1073-639F-4028-BF5D-56DA4CE12E8D}"
EndProject
Project("{9A19103F-16F7-4668-BE54-9A1E7A4F7556}") = "BlizzardApiReader.WorldOfWarcraft", "BlizzardApiReader.WorldOfWarcraft\BlizzardApiReader.WorldOfWarcraft.csproj", "{643D5BE8-DFCC-49F0-B551-D8E541F860E6}"
EndProject
Project("{9A19103F-16F7-4668-BE54-9A1E7A4F7556}") = "BlizzardApiReader.WorldOfWarcraft.Tests", "BlizzardApiReader.WorldOfWarcraft.Tests\BlizzardApiReader.WorldOfWarcraft.Tests.csproj", "{818A6DC3-B38D-4299-BC9E-AD324E8D1059}"
EndProject
Project("{2150E333-8FDC-42A3-9474-1A3956D46DE8}") = "Tests", "Tests", "{333FBEFD-AE34-4B35-87A0-4F2284F379F3}"
EndProject
Global
	GlobalSection(SolutionConfigurationPlatforms) = preSolution
		Debug|Any CPU = Debug|Any CPU
		Release|Any CPU = Release|Any CPU
	EndGlobalSection
	GlobalSection(ProjectConfigurationPlatforms) = postSolution
		{CD8C0723-5027-425A-9783-2C44C95A7520}.Debug|Any CPU.ActiveCfg = Debug|Any CPU
		{CD8C0723-5027-425A-9783-2C44C95A7520}.Debug|Any CPU.Build.0 = Debug|Any CPU
		{CD8C0723-5027-425A-9783-2C44C95A7520}.Release|Any CPU.ActiveCfg = Release|Any CPU
		{CD8C0723-5027-425A-9783-2C44C95A7520}.Release|Any CPU.Build.0 = Release|Any CPU
		{4A08E212-6E42-4438-99CA-A7A6EC0CD5F9}.Debug|Any CPU.ActiveCfg = Debug|Any CPU
		{4A08E212-6E42-4438-99CA-A7A6EC0CD5F9}.Debug|Any CPU.Build.0 = Debug|Any CPU
		{4A08E212-6E42-4438-99CA-A7A6EC0CD5F9}.Release|Any CPU.ActiveCfg = Release|Any CPU
		{4A08E212-6E42-4438-99CA-A7A6EC0CD5F9}.Release|Any CPU.Build.0 = Release|Any CPU
		{640616C8-AD72-42DF-A48B-1C68C4130703}.Debug|Any CPU.ActiveCfg = Debug|Any CPU
		{640616C8-AD72-42DF-A48B-1C68C4130703}.Debug|Any CPU.Build.0 = Debug|Any CPU
		{640616C8-AD72-42DF-A48B-1C68C4130703}.Release|Any CPU.ActiveCfg = Release|Any CPU
		{640616C8-AD72-42DF-A48B-1C68C4130703}.Release|Any CPU.Build.0 = Release|Any CPU
		{CA6B1073-639F-4028-BF5D-56DA4CE12E8D}.Debug|Any CPU.ActiveCfg = Debug|Any CPU
		{CA6B1073-639F-4028-BF5D-56DA4CE12E8D}.Debug|Any CPU.Build.0 = Debug|Any CPU
		{CA6B1073-639F-4028-BF5D-56DA4CE12E8D}.Release|Any CPU.ActiveCfg = Release|Any CPU
		{CA6B1073-639F-4028-BF5D-56DA4CE12E8D}.Release|Any CPU.Build.0 = Release|Any CPU
		{643D5BE8-DFCC-49F0-B551-D8E541F860E6}.Debug|Any CPU.ActiveCfg = Debug|Any CPU
		{643D5BE8-DFCC-49F0-B551-D8E541F860E6}.Debug|Any CPU.Build.0 = Debug|Any CPU
		{643D5BE8-DFCC-49F0-B551-D8E541F860E6}.Release|Any CPU.ActiveCfg = Release|Any CPU
		{643D5BE8-DFCC-49F0-B551-D8E541F860E6}.Release|Any CPU.Build.0 = Release|Any CPU
		{818A6DC3-B38D-4299-BC9E-AD324E8D1059}.Debug|Any CPU.ActiveCfg = Debug|Any CPU
		{818A6DC3-B38D-4299-BC9E-AD324E8D1059}.Debug|Any CPU.Build.0 = Debug|Any CPU
		{818A6DC3-B38D-4299-BC9E-AD324E8D1059}.Release|Any CPU.ActiveCfg = Release|Any CPU
		{818A6DC3-B38D-4299-BC9E-AD324E8D1059}.Release|Any CPU.Build.0 = Release|Any CPU
	EndGlobalSection
	GlobalSection(SolutionProperties) = preSolution
		HideSolutionNode = FALSE
	EndGlobalSection
	GlobalSection(NestedProjects) = preSolution
		{4A08E212-6E42-4438-99CA-A7A6EC0CD5F9} = {333FBEFD-AE34-4B35-87A0-4F2284F379F3}
		{CA6B1073-639F-4028-BF5D-56DA4CE12E8D} = {333FBEFD-AE34-4B35-87A0-4F2284F379F3}
		{818A6DC3-B38D-4299-BC9E-AD324E8D1059} = {333FBEFD-AE34-4B35-87A0-4F2284F379F3}
	EndGlobalSection
	GlobalSection(ExtensibilityGlobals) = postSolution
		SolutionGuid = {5722199F-F835-45A3-88B5-4E8A7661832D}
	EndGlobalSection
EndGlobal
